
Microsoft Visual Studio Solution File, Format Version 12.00
# Visual Studio 14
VisualStudioVersion = 14.0.25420.1
MinimumVisualStudioVersion = 10.0.40219.1
Project("{FAE04EC0-301F-11D3-BF4B-00C04F79EFBC}") = "Presentation", "Project\Presentation.csproj", "{CACA9FCC-64C6-4242-8B29-2019D2189A5D}"
EndProject
Project("{FAE04EC0-301F-11D3-BF4B-00C04F79EFBC}") = "Presentation.Tests", "Project.Tests\Presentation.Tests.csproj", "{E1289F63-6FE9-40E9-850F-BB1F7BDCECF9}"
EndProject
Global
	GlobalSection(SolutionConfigurationPlatforms) = preSolution
		Debug|Any CPU = Debug|Any CPU
		Release|Any CPU = Release|Any CPU
	EndGlobalSection
	GlobalSection(ProjectConfigurationPlatforms) = postSolution
		{CACA9FCC-64C6-4242-8B29-2019D2189A5D}.Debug|Any CPU.ActiveCfg = Debug|Any CPU
		{CACA9FCC-64C6-4242-8B29-2019D2189A5D}.Debug|Any CPU.Build.0 = Debug|Any CPU
		{CACA9FCC-64C6-4242-8B29-2019D2189A5D}.Release|Any CPU.ActiveCfg = Release|Any CPU
		{CACA9FCC-64C6-4242-8B29-2019D2189A5D}.Release|Any CPU.Build.0 = Release|Any CPU
		{E1289F63-6FE9-40E9-850F-BB1F7BDCECF9}.Debug|Any CPU.ActiveCfg = Debug|Any CPU
		{E1289F63-6FE9-40E9-850F-BB1F7BDCECF9}.Debug|Any CPU.Build.0 = Debug|Any CPU
		{E1289F63-6FE9-40E9-850F-BB1F7BDCECF9}.Release|Any CPU.ActiveCfg = Release|Any CPU
		{E1289F63-6FE9-40E9-850F-BB1F7BDCECF9}.Release|Any CPU.Build.0 = Release|Any CPU
	EndGlobalSection
	GlobalSection(SolutionProperties) = preSolution
		HideSolutionNode = FALSE
	EndGlobalSection
EndGlobal
