
Microsoft Visual Studio Solution File, Format Version 12.00
# Visual Studio 15
VisualStudioVersion = 15.0.26127.0
MinimumVisualStudioVersion = 10.0.40219.1
Project("{2150E333-8FDC-42A3-9474-1A3956D46DE8}") = "Persistance", "Persistance", "{F24DF271-D55F-4AFE-9B31-36B7936FB722}"
EndProject
Project("{2150E333-8FDC-42A3-9474-1A3956D46DE8}") = "Business", "Business", "{D7E2C314-C9CE-4984-B057-C36C9D93C3E5}"
EndProject
Project("{2150E333-8FDC-42A3-9474-1A3956D46DE8}") = "Web", "Web", "{A58CC3A3-3D63-4FD7-B9AA-84784688C183}"
EndProject
Project("{FAE04EC0-301F-11D3-BF4B-00C04F79EFBC}") = "MVCApplication", "MVCApplication\MVCApplication.csproj", "{74EA71C6-CEB3-4060-A232-9275C3B02DF7}"
EndProject
Project("{FAE04EC0-301F-11D3-BF4B-00C04F79EFBC}") = "EntityFramework", "EntityFramework\EntityFramework.csproj", "{91421335-054C-4810-88EF-0833F71AA12C}"
EndProject
Project("{FAE04EC0-301F-11D3-BF4B-00C04F79EFBC}") = "Core", "Core\Core.csproj", "{E002CB2E-6F71-41DD-9BF0-C08CD002A56A}"
EndProject
Project("{FAE04EC0-301F-11D3-BF4B-00C04F79EFBC}") = "Service", "Service\Service.csproj", "{10A3883C-79EC-4F98-9D65-0025925A2ED6}"
EndProject
Global
	GlobalSection(SolutionConfigurationPlatforms) = preSolution
		Debug|Any CPU = Debug|Any CPU
		Debug|x64 = Debug|x64
		Debug|x86 = Debug|x86
		Release|Any CPU = Release|Any CPU
		Release|x64 = Release|x64
		Release|x86 = Release|x86
	EndGlobalSection
	GlobalSection(ProjectConfigurationPlatforms) = postSolution
		{74EA71C6-CEB3-4060-A232-9275C3B02DF7}.Debug|Any CPU.ActiveCfg = Debug|Any CPU
		{74EA71C6-CEB3-4060-A232-9275C3B02DF7}.Debug|Any CPU.Build.0 = Debug|Any CPU
		{74EA71C6-CEB3-4060-A232-9275C3B02DF7}.Debug|x64.ActiveCfg = Debug|x64
		{74EA71C6-CEB3-4060-A232-9275C3B02DF7}.Debug|x64.Build.0 = Debug|x64
		{74EA71C6-CEB3-4060-A232-9275C3B02DF7}.Debug|x86.ActiveCfg = Debug|x86
		{74EA71C6-CEB3-4060-A232-9275C3B02DF7}.Debug|x86.Build.0 = Debug|x86
		{74EA71C6-CEB3-4060-A232-9275C3B02DF7}.Release|Any CPU.ActiveCfg = Release|Any CPU
		{74EA71C6-CEB3-4060-A232-9275C3B02DF7}.Release|Any CPU.Build.0 = Release|Any CPU
		{74EA71C6-CEB3-4060-A232-9275C3B02DF7}.Release|x64.ActiveCfg = Release|x64
		{74EA71C6-CEB3-4060-A232-9275C3B02DF7}.Release|x64.Build.0 = Release|x64
		{74EA71C6-CEB3-4060-A232-9275C3B02DF7}.Release|x86.ActiveCfg = Release|x86
		{74EA71C6-CEB3-4060-A232-9275C3B02DF7}.Release|x86.Build.0 = Release|x86
		{91421335-054C-4810-88EF-0833F71AA12C}.Debug|Any CPU.ActiveCfg = Debug|Any CPU
		{91421335-054C-4810-88EF-0833F71AA12C}.Debug|Any CPU.Build.0 = Debug|Any CPU
		{91421335-054C-4810-88EF-0833F71AA12C}.Debug|x64.ActiveCfg = Debug|x64
		{91421335-054C-4810-88EF-0833F71AA12C}.Debug|x64.Build.0 = Debug|x64
		{91421335-054C-4810-88EF-0833F71AA12C}.Debug|x86.ActiveCfg = Debug|x86
		{91421335-054C-4810-88EF-0833F71AA12C}.Debug|x86.Build.0 = Debug|x86
		{91421335-054C-4810-88EF-0833F71AA12C}.Release|Any CPU.ActiveCfg = Release|Any CPU
		{91421335-054C-4810-88EF-0833F71AA12C}.Release|Any CPU.Build.0 = Release|Any CPU
		{91421335-054C-4810-88EF-0833F71AA12C}.Release|x64.ActiveCfg = Release|x64
		{91421335-054C-4810-88EF-0833F71AA12C}.Release|x64.Build.0 = Release|x64
		{91421335-054C-4810-88EF-0833F71AA12C}.Release|x86.ActiveCfg = Release|x86
		{91421335-054C-4810-88EF-0833F71AA12C}.Release|x86.Build.0 = Release|x86
		{E002CB2E-6F71-41DD-9BF0-C08CD002A56A}.Debug|Any CPU.ActiveCfg = Debug|Any CPU
		{E002CB2E-6F71-41DD-9BF0-C08CD002A56A}.Debug|Any CPU.Build.0 = Debug|Any CPU
		{E002CB2E-6F71-41DD-9BF0-C08CD002A56A}.Debug|x64.ActiveCfg = Debug|x64
		{E002CB2E-6F71-41DD-9BF0-C08CD002A56A}.Debug|x64.Build.0 = Debug|x64
		{E002CB2E-6F71-41DD-9BF0-C08CD002A56A}.Debug|x86.ActiveCfg = Debug|x86
		{E002CB2E-6F71-41DD-9BF0-C08CD002A56A}.Debug|x86.Build.0 = Debug|x86
		{E002CB2E-6F71-41DD-9BF0-C08CD002A56A}.Release|Any CPU.ActiveCfg = Release|Any CPU
		{E002CB2E-6F71-41DD-9BF0-C08CD002A56A}.Release|Any CPU.Build.0 = Release|Any CPU
		{E002CB2E-6F71-41DD-9BF0-C08CD002A56A}.Release|x64.ActiveCfg = Release|x64
		{E002CB2E-6F71-41DD-9BF0-C08CD002A56A}.Release|x64.Build.0 = Release|x64
		{E002CB2E-6F71-41DD-9BF0-C08CD002A56A}.Release|x86.ActiveCfg = Release|x86
		{E002CB2E-6F71-41DD-9BF0-C08CD002A56A}.Release|x86.Build.0 = Release|x86
		{10A3883C-79EC-4F98-9D65-0025925A2ED6}.Debug|Any CPU.ActiveCfg = Debug|Any CPU
		{10A3883C-79EC-4F98-9D65-0025925A2ED6}.Debug|Any CPU.Build.0 = Debug|Any CPU
		{10A3883C-79EC-4F98-9D65-0025925A2ED6}.Debug|x64.ActiveCfg = Debug|x64
		{10A3883C-79EC-4F98-9D65-0025925A2ED6}.Debug|x64.Build.0 = Debug|x64
		{10A3883C-79EC-4F98-9D65-0025925A2ED6}.Debug|x86.ActiveCfg = Debug|x86
		{10A3883C-79EC-4F98-9D65-0025925A2ED6}.Debug|x86.Build.0 = Debug|x86
		{10A3883C-79EC-4F98-9D65-0025925A2ED6}.Release|Any CPU.ActiveCfg = Release|Any CPU
		{10A3883C-79EC-4F98-9D65-0025925A2ED6}.Release|Any CPU.Build.0 = Release|Any CPU
		{10A3883C-79EC-4F98-9D65-0025925A2ED6}.Release|x64.ActiveCfg = Release|x64
		{10A3883C-79EC-4F98-9D65-0025925A2ED6}.Release|x64.Build.0 = Release|x64
		{10A3883C-79EC-4F98-9D65-0025925A2ED6}.Release|x86.ActiveCfg = Release|x86
		{10A3883C-79EC-4F98-9D65-0025925A2ED6}.Release|x86.Build.0 = Release|x86
	EndGlobalSection
	GlobalSection(SolutionProperties) = preSolution
		HideSolutionNode = FALSE
	EndGlobalSection
	GlobalSection(NestedProjects) = preSolution
		{74EA71C6-CEB3-4060-A232-9275C3B02DF7} = {A58CC3A3-3D63-4FD7-B9AA-84784688C183}
		{91421335-054C-4810-88EF-0833F71AA12C} = {F24DF271-D55F-4AFE-9B31-36B7936FB722}
		{E002CB2E-6F71-41DD-9BF0-C08CD002A56A} = {D7E2C314-C9CE-4984-B057-C36C9D93C3E5}
		{10A3883C-79EC-4F98-9D65-0025925A2ED6} = {D7E2C314-C9CE-4984-B057-C36C9D93C3E5}
	EndGlobalSection
EndGlobal
