
Microsoft Visual Studio Solution File, Format Version 12.00
# Visual Studio 15
VisualStudioVersion = 15.0.26403.7
MinimumVisualStudioVersion = 10.0.40219.1
Project("{2150E333-8FDC-42A3-9474-1A3956D46DE8}") = "Infrastructure", "Infrastructure", "{2C15B226-C94B-448B-828D-3A06B7A11744}"
EndProject
Project("{2150E333-8FDC-42A3-9474-1A3956D46DE8}") = "Business", "Business", "{0FCFAA4C-F70D-4B51-85A6-C14716447E47}"
EndProject
Project("{2150E333-8FDC-42A3-9474-1A3956D46DE8}") = "Web", "Web", "{63AAE51C-C3E9-4023-9837-9BEC34011D5B}"
EndProject
Project("{FAE04EC0-301F-11D3-BF4B-00C04F79EFBC}") = "Project_Tranquility.Core", "Project_Tranquility.Core\Project_Tranquility.Core.csproj", "{8D66AB5F-0F6A-49D7-82DE-B27BAACFEF3C}"
EndProject
Project("{FAE04EC0-301F-11D3-BF4B-00C04F79EFBC}") = "Project_Tranquility.Services", "Project_Tranquility.Services\Project_Tranquility.Services.csproj", "{F7D197F6-7840-40A5-A3BA-56D62C905482}"
EndProject
Project("{FAE04EC0-301F-11D3-BF4B-00C04F79EFBC}") = "Project_Tranquility.Data", "Project_Tranquility.Data\Project_Tranquility.Data.csproj", "{6ABBE4FA-3964-42F8-96CC-FC4AF55062C0}"
EndProject
Project("{FAE04EC0-301F-11D3-BF4B-00C04F79EFBC}") = "Project_Tranquility.Web", "Project_Tranquility.Web\Project_Tranquility.Web.csproj", "{EBE6719F-2481-4D6F-998A-7655DEF009A3}"
EndProject
Project("{FAE04EC0-301F-11D3-BF4B-00C04F79EFBC}") = "Project_Tranquility.Web.Tests", "Project_Tranquility.Web.Tests\Project_Tranquility.Web.Tests.csproj", "{1F2BB655-ADE3-4343-9B8C-5448451A51BB}"
EndProject
Project("{FAE04EC0-301F-11D3-BF4B-00C04F79EFBC}") = "Project_Tranquility.Infrastructure", "Project_Tranquility.Infrastructure\Project_Tranquility.Infrastructure.csproj", "{0C6B09FC-FA1A-4E9C-AEB6-7126172A701E}"
EndProject
Project("{FAE04EC0-301F-11D3-BF4B-00C04F79EFBC}") = "Project_Tranquility.Core.Test", "Project_Tranquility.Core.Test\Project_Tranquility.Core.Test.csproj", "{06964C14-6E22-4B56-98EE-C3E2B0CD2D8C}"
EndProject
Global
	GlobalSection(SolutionConfigurationPlatforms) = preSolution
		Debug|Any CPU = Debug|Any CPU
		Release|Any CPU = Release|Any CPU
	EndGlobalSection
	GlobalSection(ProjectConfigurationPlatforms) = postSolution
		{8D66AB5F-0F6A-49D7-82DE-B27BAACFEF3C}.Debug|Any CPU.ActiveCfg = Debug|Any CPU
		{8D66AB5F-0F6A-49D7-82DE-B27BAACFEF3C}.Debug|Any CPU.Build.0 = Debug|Any CPU
		{8D66AB5F-0F6A-49D7-82DE-B27BAACFEF3C}.Release|Any CPU.ActiveCfg = Release|Any CPU
		{8D66AB5F-0F6A-49D7-82DE-B27BAACFEF3C}.Release|Any CPU.Build.0 = Release|Any CPU
		{F7D197F6-7840-40A5-A3BA-56D62C905482}.Debug|Any CPU.ActiveCfg = Debug|Any CPU
		{F7D197F6-7840-40A5-A3BA-56D62C905482}.Debug|Any CPU.Build.0 = Debug|Any CPU
		{F7D197F6-7840-40A5-A3BA-56D62C905482}.Release|Any CPU.ActiveCfg = Release|Any CPU
		{F7D197F6-7840-40A5-A3BA-56D62C905482}.Release|Any CPU.Build.0 = Release|Any CPU
		{6ABBE4FA-3964-42F8-96CC-FC4AF55062C0}.Debug|Any CPU.ActiveCfg = Debug|Any CPU
		{6ABBE4FA-3964-42F8-96CC-FC4AF55062C0}.Debug|Any CPU.Build.0 = Debug|Any CPU
		{6ABBE4FA-3964-42F8-96CC-FC4AF55062C0}.Release|Any CPU.ActiveCfg = Release|Any CPU
		{6ABBE4FA-3964-42F8-96CC-FC4AF55062C0}.Release|Any CPU.Build.0 = Release|Any CPU
		{EBE6719F-2481-4D6F-998A-7655DEF009A3}.Debug|Any CPU.ActiveCfg = Debug|Any CPU
		{EBE6719F-2481-4D6F-998A-7655DEF009A3}.Debug|Any CPU.Build.0 = Debug|Any CPU
		{EBE6719F-2481-4D6F-998A-7655DEF009A3}.Release|Any CPU.ActiveCfg = Release|Any CPU
		{EBE6719F-2481-4D6F-998A-7655DEF009A3}.Release|Any CPU.Build.0 = Release|Any CPU
		{1F2BB655-ADE3-4343-9B8C-5448451A51BB}.Debug|Any CPU.ActiveCfg = Debug|Any CPU
		{1F2BB655-ADE3-4343-9B8C-5448451A51BB}.Debug|Any CPU.Build.0 = Debug|Any CPU
		{1F2BB655-ADE3-4343-9B8C-5448451A51BB}.Release|Any CPU.ActiveCfg = Release|Any CPU
		{1F2BB655-ADE3-4343-9B8C-5448451A51BB}.Release|Any CPU.Build.0 = Release|Any CPU
		{0C6B09FC-FA1A-4E9C-AEB6-7126172A701E}.Debug|Any CPU.ActiveCfg = Debug|Any CPU
		{0C6B09FC-FA1A-4E9C-AEB6-7126172A701E}.Debug|Any CPU.Build.0 = Debug|Any CPU
		{0C6B09FC-FA1A-4E9C-AEB6-7126172A701E}.Release|Any CPU.ActiveCfg = Release|Any CPU
		{0C6B09FC-FA1A-4E9C-AEB6-7126172A701E}.Release|Any CPU.Build.0 = Release|Any CPU
		{06964C14-6E22-4B56-98EE-C3E2B0CD2D8C}.Debug|Any CPU.ActiveCfg = Debug|Any CPU
		{06964C14-6E22-4B56-98EE-C3E2B0CD2D8C}.Debug|Any CPU.Build.0 = Debug|Any CPU
		{06964C14-6E22-4B56-98EE-C3E2B0CD2D8C}.Release|Any CPU.ActiveCfg = Release|Any CPU
		{06964C14-6E22-4B56-98EE-C3E2B0CD2D8C}.Release|Any CPU.Build.0 = Release|Any CPU
	EndGlobalSection
	GlobalSection(SolutionProperties) = preSolution
		HideSolutionNode = FALSE
	EndGlobalSection
	GlobalSection(NestedProjects) = preSolution
		{8D66AB5F-0F6A-49D7-82DE-B27BAACFEF3C} = {0FCFAA4C-F70D-4B51-85A6-C14716447E47}
		{F7D197F6-7840-40A5-A3BA-56D62C905482} = {0FCFAA4C-F70D-4B51-85A6-C14716447E47}
		{6ABBE4FA-3964-42F8-96CC-FC4AF55062C0} = {2C15B226-C94B-448B-828D-3A06B7A11744}
		{EBE6719F-2481-4D6F-998A-7655DEF009A3} = {63AAE51C-C3E9-4023-9837-9BEC34011D5B}
		{1F2BB655-ADE3-4343-9B8C-5448451A51BB} = {63AAE51C-C3E9-4023-9837-9BEC34011D5B}
		{0C6B09FC-FA1A-4E9C-AEB6-7126172A701E} = {2C15B226-C94B-448B-828D-3A06B7A11744}
		{06964C14-6E22-4B56-98EE-C3E2B0CD2D8C} = {0FCFAA4C-F70D-4B51-85A6-C14716447E47}
	EndGlobalSection
EndGlobal
