
Microsoft Visual Studio Solution File, Format Version 12.00
# Visual Studio 14
VisualStudioVersion = 14.0.25420.1
MinimumVisualStudioVersion = 10.0.40219.1
Project("{FAE04EC0-301F-11D3-BF4B-00C04F79EFBC}") = "MVC5", "MVC5\MVC5.csproj", "{015CEFE5-149A-4EA8-A37A-61BF69F8E8F8}"
EndProject
Project("{FAE04EC0-301F-11D3-BF4B-00C04F79EFBC}") = "MVC5.Tests", "MVC5.Tests\MVC5.Tests.csproj", "{EEE386BE-C798-40B2-AF90-C72E7A09DCB6}"
EndProject
Project("{2150E333-8FDC-42A3-9474-1A3956D46DE8}") = "Infrastructure", "Infrastructure", "{2C15B226-C94B-448B-828D-3A06B7A11744}"
EndProject
Project("{2150E333-8FDC-42A3-9474-1A3956D46DE8}") = "Business", "Business", "{0FCFAA4C-F70D-4B51-85A6-C14716447E47}"
EndProject
Project("{2150E333-8FDC-42A3-9474-1A3956D46DE8}") = "Web", "Web", "{63AAE51C-C3E9-4023-9837-9BEC34011D5B}"
EndProject
Project("{FAE04EC0-301F-11D3-BF4B-00C04F79EFBC}") = "Project_Tranquility.EntityFramework", "Project_Tranquility.EntityFramework\Project_Tranquility.EntityFramework.csproj", "{15D5F8DA-F2EF-4F2C-8E83-293EECC7D614}"
EndProject
Project("{FAE04EC0-301F-11D3-BF4B-00C04F79EFBC}") = "Project_Tranquility.Core", "Project_Tranquility.Core\Project_Tranquility.Core.csproj", "{8D66AB5F-0F6A-49D7-82DE-B27BAACFEF3C}"
EndProject
Project("{FAE04EC0-301F-11D3-BF4B-00C04F79EFBC}") = "Project_Tranquility.Services", "Project_Tranquility.Services\Project_Tranquility.Services.csproj", "{F7D197F6-7840-40A5-A3BA-56D62C905482}"
EndProject
Project("{FAE04EC0-301F-11D3-BF4B-00C04F79EFBC}") = "Project_Tranquility.Data", "Project_Tranquility.Data\Project_Tranquility.Data.csproj", "{6ABBE4FA-3964-42F8-96CC-FC4AF55062C0}"
EndProject
Project("{FAE04EC0-301F-11D3-BF4B-00C04F79EFBC}") = "Project_Tranquility.Bootstrapper", "Project_Tranquility.Bootstrapper\Project_Tranquility.Bootstrapper.csproj", "{8233C2E6-ED5A-4D39-9293-C5615B772104}"
EndProject
Global
	GlobalSection(SolutionConfigurationPlatforms) = preSolution
		Debug|Any CPU = Debug|Any CPU
		Release|Any CPU = Release|Any CPU
	EndGlobalSection
	GlobalSection(ProjectConfigurationPlatforms) = postSolution
		{015CEFE5-149A-4EA8-A37A-61BF69F8E8F8}.Debug|Any CPU.ActiveCfg = Debug|Any CPU
		{015CEFE5-149A-4EA8-A37A-61BF69F8E8F8}.Debug|Any CPU.Build.0 = Debug|Any CPU
		{015CEFE5-149A-4EA8-A37A-61BF69F8E8F8}.Release|Any CPU.ActiveCfg = Release|Any CPU
		{015CEFE5-149A-4EA8-A37A-61BF69F8E8F8}.Release|Any CPU.Build.0 = Release|Any CPU
		{EEE386BE-C798-40B2-AF90-C72E7A09DCB6}.Debug|Any CPU.ActiveCfg = Debug|Any CPU
		{EEE386BE-C798-40B2-AF90-C72E7A09DCB6}.Debug|Any CPU.Build.0 = Debug|Any CPU
		{EEE386BE-C798-40B2-AF90-C72E7A09DCB6}.Release|Any CPU.ActiveCfg = Release|Any CPU
		{EEE386BE-C798-40B2-AF90-C72E7A09DCB6}.Release|Any CPU.Build.0 = Release|Any CPU
		{15D5F8DA-F2EF-4F2C-8E83-293EECC7D614}.Debug|Any CPU.ActiveCfg = Debug|Any CPU
		{15D5F8DA-F2EF-4F2C-8E83-293EECC7D614}.Debug|Any CPU.Build.0 = Debug|Any CPU
		{15D5F8DA-F2EF-4F2C-8E83-293EECC7D614}.Release|Any CPU.ActiveCfg = Release|Any CPU
		{15D5F8DA-F2EF-4F2C-8E83-293EECC7D614}.Release|Any CPU.Build.0 = Release|Any CPU
		{8D66AB5F-0F6A-49D7-82DE-B27BAACFEF3C}.Debug|Any CPU.ActiveCfg = Debug|Any CPU
		{8D66AB5F-0F6A-49D7-82DE-B27BAACFEF3C}.Debug|Any CPU.Build.0 = Debug|Any CPU
		{8D66AB5F-0F6A-49D7-82DE-B27BAACFEF3C}.Release|Any CPU.ActiveCfg = Release|Any CPU
		{8D66AB5F-0F6A-49D7-82DE-B27BAACFEF3C}.Release|Any CPU.Build.0 = Release|Any CPU
		{F7D197F6-7840-40A5-A3BA-56D62C905482}.Debug|Any CPU.ActiveCfg = Debug|Any CPU
		{F7D197F6-7840-40A5-A3BA-56D62C905482}.Debug|Any CPU.Build.0 = Debug|Any CPU
		{F7D197F6-7840-40A5-A3BA-56D62C905482}.Release|Any CPU.ActiveCfg = Release|Any CPU
		{F7D197F6-7840-40A5-A3BA-56D62C905482}.Release|Any CPU.Build.0 = Release|Any CPU
		{6ABBE4FA-3964-42F8-96CC-FC4AF55062C0}.Debug|Any CPU.ActiveCfg = Debug|Any CPU
		{6ABBE4FA-3964-42F8-96CC-FC4AF55062C0}.Debug|Any CPU.Build.0 = Debug|Any CPU
		{6ABBE4FA-3964-42F8-96CC-FC4AF55062C0}.Release|Any CPU.ActiveCfg = Release|Any CPU
		{6ABBE4FA-3964-42F8-96CC-FC4AF55062C0}.Release|Any CPU.Build.0 = Release|Any CPU
		{8233C2E6-ED5A-4D39-9293-C5615B772104}.Debug|Any CPU.ActiveCfg = Debug|Any CPU
		{8233C2E6-ED5A-4D39-9293-C5615B772104}.Debug|Any CPU.Build.0 = Debug|Any CPU
		{8233C2E6-ED5A-4D39-9293-C5615B772104}.Release|Any CPU.ActiveCfg = Release|Any CPU
		{8233C2E6-ED5A-4D39-9293-C5615B772104}.Release|Any CPU.Build.0 = Release|Any CPU
	EndGlobalSection
	GlobalSection(SolutionProperties) = preSolution
		HideSolutionNode = FALSE
	EndGlobalSection
	GlobalSection(NestedProjects) = preSolution
		{015CEFE5-149A-4EA8-A37A-61BF69F8E8F8} = {63AAE51C-C3E9-4023-9837-9BEC34011D5B}
		{EEE386BE-C798-40B2-AF90-C72E7A09DCB6} = {63AAE51C-C3E9-4023-9837-9BEC34011D5B}
		{15D5F8DA-F2EF-4F2C-8E83-293EECC7D614} = {2C15B226-C94B-448B-828D-3A06B7A11744}
		{8D66AB5F-0F6A-49D7-82DE-B27BAACFEF3C} = {0FCFAA4C-F70D-4B51-85A6-C14716447E47}
		{F7D197F6-7840-40A5-A3BA-56D62C905482} = {0FCFAA4C-F70D-4B51-85A6-C14716447E47}
		{6ABBE4FA-3964-42F8-96CC-FC4AF55062C0} = {2C15B226-C94B-448B-828D-3A06B7A11744}
		{8233C2E6-ED5A-4D39-9293-C5615B772104} = {2C15B226-C94B-448B-828D-3A06B7A11744}
	EndGlobalSection
EndGlobal
