
Microsoft Visual Studio Solution File, Format Version 12.00
# Visual Studio 14
VisualStudioVersion = 14.0.25420.1
MinimumVisualStudioVersion = 10.0.40219.1
Project("{FAE04EC0-301F-11D3-BF4B-00C04F79EFBC}") = "MVC5", "MVC5\MVC5.csproj", "{015CEFE5-149A-4EA8-A37A-61BF69F8E8F8}"
EndProject
Project("{FAE04EC0-301F-11D3-BF4B-00C04F79EFBC}") = "MVC5.Tests", "MVC5.Tests\MVC5.Tests.csproj", "{EEE386BE-C798-40B2-AF90-C72E7A09DCB6}"
EndProject
Global
	GlobalSection(SolutionConfigurationPlatforms) = preSolution
		Debug|Any CPU = Debug|Any CPU
		Release|Any CPU = Release|Any CPU
	EndGlobalSection
	GlobalSection(ProjectConfigurationPlatforms) = postSolution
		{015CEFE5-149A-4EA8-A37A-61BF69F8E8F8}.Debug|Any CPU.ActiveCfg = Debug|Any CPU
		{015CEFE5-149A-4EA8-A37A-61BF69F8E8F8}.Debug|Any CPU.Build.0 = Debug|Any CPU
		{015CEFE5-149A-4EA8-A37A-61BF69F8E8F8}.Release|Any CPU.ActiveCfg = Release|Any CPU
		{015CEFE5-149A-4EA8-A37A-61BF69F8E8F8}.Release|Any CPU.Build.0 = Release|Any CPU
		{EEE386BE-C798-40B2-AF90-C72E7A09DCB6}.Debug|Any CPU.ActiveCfg = Debug|Any CPU
		{EEE386BE-C798-40B2-AF90-C72E7A09DCB6}.Debug|Any CPU.Build.0 = Debug|Any CPU
		{EEE386BE-C798-40B2-AF90-C72E7A09DCB6}.Release|Any CPU.ActiveCfg = Release|Any CPU
		{EEE386BE-C798-40B2-AF90-C72E7A09DCB6}.Release|Any CPU.Build.0 = Release|Any CPU
	EndGlobalSection
	GlobalSection(SolutionProperties) = preSolution
		HideSolutionNode = FALSE
	EndGlobalSection
EndGlobal
